
Microsoft Visual Studio Solution File, Format Version 12.00
# Visual Studio Version 16
VisualStudioVersion = 16.0.28803.202
MinimumVisualStudioVersion = 10.0.40219.1
Project("{8BC9CEB8-8B4A-11D0-8D11-00A0C91BC942}") = "FifthMission_Word_aa__", "FifthMission_Word_aa__.vcxproj", "{26EDE505-D303-40EB-A365-83FC4BCA1961}"
EndProject
Global
	GlobalSection(SolutionConfigurationPlatforms) = preSolution
		Debug|x64 = Debug|x64
		Debug|x86 = Debug|x86
		Release|x64 = Release|x64
		Release|x86 = Release|x86
	EndGlobalSection
	GlobalSection(ProjectConfigurationPlatforms) = postSolution
		{26EDE505-D303-40EB-A365-83FC4BCA1961}.Debug|x64.ActiveCfg = Debug|x64
		{26EDE505-D303-40EB-A365-83FC4BCA1961}.Debug|x64.Build.0 = Debug|x64
		{26EDE505-D303-40EB-A365-83FC4BCA1961}.Debug|x86.ActiveCfg = Debug|Win32
		{26EDE505-D303-40EB-A365-83FC4BCA1961}.Debug|x86.Build.0 = Debug|Win32
		{26EDE505-D303-40EB-A365-83FC4BCA1961}.Release|x64.ActiveCfg = Release|x64
		{26EDE505-D303-40EB-A365-83FC4BCA1961}.Release|x64.Build.0 = Release|x64
		{26EDE505-D303-40EB-A365-83FC4BCA1961}.Release|x86.ActiveCfg = Release|Win32
		{26EDE505-D303-40EB-A365-83FC4BCA1961}.Release|x86.Build.0 = Release|Win32
	EndGlobalSection
	GlobalSection(SolutionProperties) = preSolution
		HideSolutionNode = FALSE
	EndGlobalSection
	GlobalSection(ExtensibilityGlobals) = postSolution
		SolutionGuid = {992F1A5D-D639-4CAB-B168-BDDE34161627}
	EndGlobalSection
EndGlobal
